Microsoft Visual Studio Solution File, Format Version 11.00
# Visual Studio 2008

Project("{57496B66-6AB5-5C62-60C1-A3C87FC4B268}") = "FireEmblemUnity", "Assembly-CSharp-firstpass.csproj", "{36F95EFF-490F-757E-B5C0-2AE491C306C9}"
EndProject
Project("{57496B66-6AB5-5C62-60C1-A3C87FC4B268}") = "FireEmblemUnity", "Assembly-CSharp.csproj", "{A26F1135-9CAC-9BF7-B866-E72AA2F73AED}"
EndProject
Project("{57496B66-6AB5-5C62-60C1-A3C87FC4B268}") = "FireEmblemUnity", "Assembly-UnityScript-firstpass.unityproj", "{D163FA80-99F1-D045-4D4E-A81C4C4532F3}"
EndProject
Project("{57496B66-6AB5-5C62-60C1-A3C87FC4B268}") = "FireEmblemUnity", "Assembly-UnityScript.unityproj", "{36D0F0AF-A1A6-4F56-4035-799EED33A136}"
EndProject
Global
	GlobalSection(SolutionConfigurationPlatforms) = preSolution
		Debug|Any CPU = Debug|Any CPU
		Release|Any CPU = Release|Any CPU
	EndGlobalSection
	GlobalSection(ProjectConfigurationPlatforms) = postSolution
		{36F95EFF-490F-757E-B5C0-2AE491C306C9}.Debug|Any CPU.ActiveCfg = Debug|Any CPU
		{36F95EFF-490F-757E-B5C0-2AE491C306C9}.Debug|Any CPU.Build.0 = Debug|Any CPU
		{36F95EFF-490F-757E-B5C0-2AE491C306C9}.Release|Any CPU.ActiveCfg = Release|Any CPU
		{36F95EFF-490F-757E-B5C0-2AE491C306C9}.Release|Any CPU.Build.0 = Release|Any CPU
		{A26F1135-9CAC-9BF7-B866-E72AA2F73AED}.Debug|Any CPU.ActiveCfg = Debug|Any CPU
		{A26F1135-9CAC-9BF7-B866-E72AA2F73AED}.Debug|Any CPU.Build.0 = Debug|Any CPU
		{A26F1135-9CAC-9BF7-B866-E72AA2F73AED}.Release|Any CPU.ActiveCfg = Release|Any CPU
		{A26F1135-9CAC-9BF7-B866-E72AA2F73AED}.Release|Any CPU.Build.0 = Release|Any CPU
		{D163FA80-99F1-D045-4D4E-A81C4C4532F3}.Debug|Any CPU.ActiveCfg = Debug|Any CPU
		{D163FA80-99F1-D045-4D4E-A81C4C4532F3}.Debug|Any CPU.Build.0 = Debug|Any CPU
		{D163FA80-99F1-D045-4D4E-A81C4C4532F3}.Release|Any CPU.ActiveCfg = Release|Any CPU
		{D163FA80-99F1-D045-4D4E-A81C4C4532F3}.Release|Any CPU.Build.0 = Release|Any CPU
		{36D0F0AF-A1A6-4F56-4035-799EED33A136}.Debug|Any CPU.ActiveCfg = Debug|Any CPU
		{36D0F0AF-A1A6-4F56-4035-799EED33A136}.Debug|Any CPU.Build.0 = Debug|Any CPU
		{36D0F0AF-A1A6-4F56-4035-799EED33A136}.Release|Any CPU.ActiveCfg = Release|Any CPU
		{36D0F0AF-A1A6-4F56-4035-799EED33A136}.Release|Any CPU.Build.0 = Release|Any CPU
	EndGlobalSection
	GlobalSection(SolutionProperties) = preSolution
		HideSolutionNode = FALSE
	EndGlobalSection
		GlobalSection(MonoDevelopProperties) = preSolution
		StartupItem = Assembly-CSharp.csproj
		Policies = $0
		$0.TextStylePolicy = $1
		$1.inheritsSet = null
		$1.scope = text/x-csharp
		$0.CSharpFormattingPolicy = $2
		$2.IndentSwitchBody = True
		$2.NamespaceBraceStyle = EndOfLine
		$2.ClassBraceStyle = EndOfLine
		$2.InterfaceBraceStyle = EndOfLine
		$2.StructBraceStyle = EndOfLine
		$2.EnumBraceStyle = EndOfLine
		$2.MethodBraceStyle = EndOfLine
		$2.ConstructorBraceStyle = EndOfLine
		$2.DestructorBraceStyle = EndOfLine
		$2.IfElseBraceForcement = AddBraces
		$2.ForBraceForcement = AddBraces
		$2.WhileBraceForcement = AddBraces
		$2.UsingBraceForcement = AddBraces
		$2.ElseIfNewLinePlacement = SameLine
		$2.BeforeMethodDeclarationParentheses = False
		$2.BeforeMethodCallParentheses = False
		$2.BeforeConstructorDeclarationParentheses = False
		$2.BeforeIndexerDeclarationBracket = False
		$2.BeforeDelegateDeclarationParentheses = False
		$2.NewParentheses = False
		$2.SpacesBeforeBrackets = False
		$2.inheritsSet = Mono
		$2.inheritsScope = text/x-csharp
		$2.scope = text/x-csharp
		$0.TextStylePolicy = $3
		$3.FileWidth = 120
		$3.TabsToSpaces = False
		$3.EolMarker = Unix
		$3.inheritsSet = VisualStudio
		$3.inheritsScope = text/plain
		$3.scope = text/plain
		$0.StandardHeader = $4
		$4.Text = @\n Author:\n   ${AuthorName} ${AuthorEmail}\n
		$4.IncludeInNewFiles = True
	EndGlobalSection

EndGlobal
